
Microsoft Visual Studio Solution File, Format Version 12.00
Project("{FAE04EC0-301F-11D3-BF4B-00C04F79EFBC}") = "PersnoLib", "PersnoLib\PersnoLib.csproj", "{8D37B357-C67D-4B1E-B83B-81D9D4ACFC5D}"
EndProject
Global
	GlobalSection(SolutionConfigurationPlatforms) = preSolution
		Debug|Any CPU = Debug|Any CPU
		Release|Any CPU = Release|Any CPU
	EndGlobalSection
	GlobalSection(ProjectConfigurationPlatforms) = postSolution
		{8D37B357-C67D-4B1E-B83B-81D9D4ACFC5D}.Debug|Any CPU.ActiveCfg = Debug|Any CPU
		{8D37B357-C67D-4B1E-B83B-81D9D4ACFC5D}.Debug|Any CPU.Build.0 = Debug|Any CPU
		{8D37B357-C67D-4B1E-B83B-81D9D4ACFC5D}.Release|Any CPU.ActiveCfg = Release|Any CPU
		{8D37B357-C67D-4B1E-B83B-81D9D4ACFC5D}.Release|Any CPU.Build.0 = Release|Any CPU
	EndGlobalSection
EndGlobal
