
Microsoft Visual Studio Solution File, Format Version 12.00
# Visual Studio Version 17
VisualStudioVersion = 17.7.34031.279
MinimumVisualStudioVersion = 10.0.40219.1
Project("{9A19103F-16F7-4668-BE54-9A1E7A4F7556}") = "PersnoLib", "PersnoLib\PersnoLib.csproj", "{8D37B357-C67D-4B1E-B83B-81D9D4ACFC5D}"
EndProject
Project("{9A19103F-16F7-4668-BE54-9A1E7A4F7556}") = "AddressTesting", "AddressTesting\AddressTesting.csproj", "{CEAC648F-BBE6-4D76-94CF-31B474795285}"
EndProject
Project("{9A19103F-16F7-4668-BE54-9A1E7A4F7556}") = "PhoneNumberTesting", "PersnoLibTests\PhoneNumberTesting.csproj", "{1FCD14AB-169D-4FCC-A22E-6EDB5692B1C6}"
EndProject
Project("{9A19103F-16F7-4668-BE54-9A1E7A4F7556}") = "CprTesting", "CprTesting\CprTesting.csproj", "{21E6B344-2773-467C-A2CF-33084CADA65A}"
EndProject
Project("{FAE04EC0-301F-11D3-BF4B-00C04F79EFBC}") = "NameAndGenderTesting", "PersnoLibTests1\NameAndGenderTesting.csproj", "{919ADBE1-BA59-4858-A004-C9B47BCAB76D}"
EndProject
Global
	GlobalSection(SolutionConfigurationPlatforms) = preSolution
		Debug|Any CPU = Debug|Any CPU
		Release|Any CPU = Release|Any CPU
	EndGlobalSection
	GlobalSection(ProjectConfigurationPlatforms) = postSolution
		{8D37B357-C67D-4B1E-B83B-81D9D4ACFC5D}.Debug|Any CPU.ActiveCfg = Debug|Any CPU
		{8D37B357-C67D-4B1E-B83B-81D9D4ACFC5D}.Debug|Any CPU.Build.0 = Debug|Any CPU
		{8D37B357-C67D-4B1E-B83B-81D9D4ACFC5D}.Release|Any CPU.ActiveCfg = Release|Any CPU
		{8D37B357-C67D-4B1E-B83B-81D9D4ACFC5D}.Release|Any CPU.Build.0 = Release|Any CPU
		{CEAC648F-BBE6-4D76-94CF-31B474795285}.Debug|Any CPU.ActiveCfg = Debug|Any CPU
		{CEAC648F-BBE6-4D76-94CF-31B474795285}.Debug|Any CPU.Build.0 = Debug|Any CPU
		{CEAC648F-BBE6-4D76-94CF-31B474795285}.Release|Any CPU.ActiveCfg = Release|Any CPU
		{CEAC648F-BBE6-4D76-94CF-31B474795285}.Release|Any CPU.Build.0 = Release|Any CPU
		{1FCD14AB-169D-4FCC-A22E-6EDB5692B1C6}.Debug|Any CPU.ActiveCfg = Debug|Any CPU
		{1FCD14AB-169D-4FCC-A22E-6EDB5692B1C6}.Debug|Any CPU.Build.0 = Debug|Any CPU
		{1FCD14AB-169D-4FCC-A22E-6EDB5692B1C6}.Release|Any CPU.ActiveCfg = Release|Any CPU
		{1FCD14AB-169D-4FCC-A22E-6EDB5692B1C6}.Release|Any CPU.Build.0 = Release|Any CPU
		{21E6B344-2773-467C-A2CF-33084CADA65A}.Debug|Any CPU.ActiveCfg = Debug|Any CPU
		{21E6B344-2773-467C-A2CF-33084CADA65A}.Debug|Any CPU.Build.0 = Debug|Any CPU
		{21E6B344-2773-467C-A2CF-33084CADA65A}.Release|Any CPU.ActiveCfg = Release|Any CPU
		{21E6B344-2773-467C-A2CF-33084CADA65A}.Release|Any CPU.Build.0 = Release|Any CPU
		{919ADBE1-BA59-4858-A004-C9B47BCAB76D}.Debug|Any CPU.ActiveCfg = Debug|Any CPU
		{919ADBE1-BA59-4858-A004-C9B47BCAB76D}.Debug|Any CPU.Build.0 = Debug|Any CPU
		{919ADBE1-BA59-4858-A004-C9B47BCAB76D}.Release|Any CPU.ActiveCfg = Release|Any CPU
		{919ADBE1-BA59-4858-A004-C9B47BCAB76D}.Release|Any CPU.Build.0 = Release|Any CPU
	EndGlobalSection
	GlobalSection(SolutionProperties) = preSolution
		HideSolutionNode = FALSE
	EndGlobalSection
	GlobalSection(ExtensibilityGlobals) = postSolution
		SolutionGuid = {D05E39D9-67B8-4A4C-833D-EE0710BF5C65}
	EndGlobalSection
EndGlobal
